
Microsoft Visual Studio Solution File, Format Version 12.00
# Visual Studio Version 16
VisualStudioVersion = 16.0.28729.10
MinimumVisualStudioVersion = 10.0.40219.1
Project("{FAE04EC0-301F-11D3-BF4B-00C04F79EFBC}") = "Sorts", "Sorts\Sorts.csproj", "{6A1735FE-B233-4131-859A-CDA802BC6223}"
EndProject
Project("{FAE04EC0-301F-11D3-BF4B-00C04F79EFBC}") = "SortAlgorithms", "SortAlgorithms\SortAlgorithms.csproj", "{BE973EBF-D2D5-4E2F-9954-B99A74AE3359}"
EndProject
Global
	GlobalSection(SolutionConfigurationPlatforms) = preSolution
		Debug|Any CPU = Debug|Any CPU
		Release|Any CPU = Release|Any CPU
	EndGlobalSection
	GlobalSection(ProjectConfigurationPlatforms) = postSolution
		{6A1735FE-B233-4131-859A-CDA802BC6223}.Debug|Any CPU.ActiveCfg = Debug|Any CPU
		{6A1735FE-B233-4131-859A-CDA802BC6223}.Debug|Any CPU.Build.0 = Debug|Any CPU
		{6A1735FE-B233-4131-859A-CDA802BC6223}.Release|Any CPU.ActiveCfg = Release|Any CPU
		{6A1735FE-B233-4131-859A-CDA802BC6223}.Release|Any CPU.Build.0 = Release|Any CPU
		{BE973EBF-D2D5-4E2F-9954-B99A74AE3359}.Debug|Any CPU.ActiveCfg = Debug|Any CPU
		{BE973EBF-D2D5-4E2F-9954-B99A74AE3359}.Debug|Any CPU.Build.0 = Debug|Any CPU
		{BE973EBF-D2D5-4E2F-9954-B99A74AE3359}.Release|Any CPU.ActiveCfg = Release|Any CPU
		{BE973EBF-D2D5-4E2F-9954-B99A74AE3359}.Release|Any CPU.Build.0 = Release|Any CPU
	EndGlobalSection
	GlobalSection(SolutionProperties) = preSolution
		HideSolutionNode = FALSE
	EndGlobalSection
	GlobalSection(ExtensibilityGlobals) = postSolution
		SolutionGuid = {587EC4F0-4D39-4191-A011-B7676E725203}
	EndGlobalSection
EndGlobal
